
Microsoft Visual Studio Solution File, Format Version 12.00
# Visual Studio Version 17
VisualStudioVersion = 17.7.34221.43
MinimumVisualStudioVersion = 10.0.40219.1
Project("{FAE04EC0-301F-11D3-BF4B-00C04F79EFBC}") = "MyFramework", "MyFramework\MyFramework.csproj", "{B18297BF-EF6F-4137-9FE2-961A293EE677}"
EndProject
Global
	GlobalSection(SolutionConfigurationPlatforms) = preSolution
		Debug|Any CPU = Debug|Any CPU
		Release|Any CPU = Release|Any CPU
	EndGlobalSection
	GlobalSection(ProjectConfigurationPlatforms) = postSolution
		{B18297BF-EF6F-4137-9FE2-961A293EE677}.Debug|Any CPU.ActiveCfg = Debug|Any CPU
		{B18297BF-EF6F-4137-9FE2-961A293EE677}.Debug|Any CPU.Build.0 = Debug|Any CPU
		{B18297BF-EF6F-4137-9FE2-961A293EE677}.Release|Any CPU.ActiveCfg = Release|Any CPU
		{B18297BF-EF6F-4137-9FE2-961A293EE677}.Release|Any CPU.Build.0 = Release|Any CPU
	EndGlobalSection
	GlobalSection(SolutionProperties) = preSolution
		HideSolutionNode = FALSE
	EndGlobalSection
	GlobalSection(ExtensibilityGlobals) = postSolution
		SolutionGuid = {E61608C6-594E-4E55-8010-8C7C03B1ED8E}
	EndGlobalSection
EndGlobal
